// !$*UTF8*$!
{
	archiveVersion = 1;
	classes = {
	};
	objectVersion = 50;
	objects = {

/* Begin PBXBuildFile section */
		32008B9A2137DAA9005E793B /* AppDelegate.m in Sources */ = {isa = PBXBuildFile; fileRef = 32008B992137DAA9005E793B /* AppDelegate.m */; };
		32008B9D2137DAA9005E793B /* ViewController.m in Sources */ = {isa = PBXBuildFile; fileRef = 32008B9C2137DAA9005E793B /* ViewController.m */; };
		32008BA02137DAA9005E793B /* Main.storyboard in Resources */ = {isa = PBXBuildFile; fileRef = 32008B9E2137DAA9005E793B /* Main.storyboard */; };
		32008BA22137DAAC005E793B /* Assets.xcassets in Resources */ = {isa = PBXBuildFile; fileRef = 32008BA12137DAAC005E793B /* Assets.xcassets */; };
		32008BA52137DAAC005E793B /* LaunchScreen.storyboard in Resources */ = {isa = PBXBuildFile; fileRef = 32008BA32137DAAC005E793B /* LaunchScreen.storyboard */; };
		32008BA82137DAAC005E793B /* main.m in Sources */ = {isa = PBXBuildFile; fileRef = 32008BA72137DAAC005E793B /* main.m */; };
		32008BB32137E0F9005E793B /* EmployeeModel.m in Sources */ = {isa = PBXBuildFile; fileRef = 32008BB22137E0F9005E793B /* EmployeeModel.m */; };
		32008BB72137EAA0005E793B /* employees.json in Resources */ = {isa = PBXBuildFile; fileRef = 32008BB62137EAA0005E793B /* employees.json */; };
		3253FB882142BDD200CE0F14 /* EmployeeViewController.m in Sources */ = {isa = PBXBuildFile; fileRef = 3253FB872142BDD200CE0F14 /* EmployeeViewController.m */; };
		326F9434213C19B200E854BE /* EmployeesTableViewController.m in Sources */ = {isa = PBXBuildFile; fileRef = 326F9432213C19B200E854BE /* EmployeesTableViewController.m */; };
		326F943D213C1F1200E854BE /* EmployeeTableViewCell.m in Sources */ = {isa = PBXBuildFile; fileRef = 326F943B213C1F1200E854BE /* EmployeeTableViewCell.m */; };
		326F9442213C30B000E854BE /* Networking.m in Sources */ = {isa = PBXBuildFile; fileRef = 326F9441213C30B000E854BE /* Networking.m */; };
		5ED44BE198F920BAA4236CC0 /* libPods-AxonTestProject.a in Frameworks */ = {isa = PBXBuildFile; fileRef = BDFC1FC5325F2B5B116BD003 /* libPods-AxonTestProject.a */; };
/* End PBXBuildFile section */

/* Begin PBXFileReference section */
		32008B952137DAA9005E793B /* AxonTestProject.app */ = {isa = PBXFileReference; explicitFileType = wrapper.application; includeInIndex = 0; path = AxonTestProject.app; sourceTree = BUILT_PRODUCTS_DIR; };
		32008B982137DAA9005E793B /* AppDelegate.h */ = {isa = PBXFileReference; lastKnownFileType = sourcecode.c.h; path = AppDelegate.h; sourceTree = "<group>"; };
		32008B992137DAA9005E793B /* AppDelegate.m */ = {isa = PBXFileReference; lastKnownFileType = sourcecode.c.objc; path = AppDelegate.m; sourceTree = "<group>"; };
		32008B9B2137DAA9005E793B /* ViewController.h */ = {isa = PBXFileReference; lastKnownFileType = sourcecode.c.h; path = ViewController.h; sourceTree = "<group>"; };
		32008B9C2137DAA9005E793B /* ViewController.m */ = {isa = PBXFileReference; lastKnownFileType = sourcecode.c.objc; path = ViewController.m; sourceTree = "<group>"; };
		32008B9F2137DAA9005E793B /* Base */ = {isa = PBXFileReference; lastKnownFileType = file.storyboard; name = Base; path = Base.lproj/Main.storyboard; sourceTree = "<group>"; };
		32008BA12137DAAC005E793B /* Assets.xcassets */ = {isa = PBXFileReference; lastKnownFileType = folder.assetcatalog; path = Assets.xcassets; sourceTree = "<group>"; };
		32008BA42137DAAC005E793B /* Base */ = {isa = PBXFileReference; lastKnownFileType = file.storyboard; name = Base; path = Base.lproj/LaunchScreen.storyboard; sourceTree = "<group>"; };
		32008BA62137DAAC005E793B /* Info.plist */ = {isa = PBXFileReference; lastKnownFileType = text.plist.xml; path = Info.plist; sourceTree = "<group>"; };
		32008BA72137DAAC005E793B /* main.m */ = {isa = PBXFileReference; lastKnownFileType = sourcecode.c.objc; path = main.m; sourceTree = "<group>"; };
		32008BB22137E0F9005E793B /* EmployeeModel.m */ = {isa = PBXFileReference; lastKnownFileType = sourcecode.c.objc; path = EmployeeModel.m; sourceTree = "<group>"; };
		32008BB52137E10E005E793B /* EmployeeModel.h */ = {isa = PBXFileReference; lastKnownFileType = sourcecode.c.h; path = EmployeeModel.h; sourceTree = "<group>"; };
		32008BB62137EAA0005E793B /* employees.json */ = {isa = PBXFileReference; lastKnownFileType = text.json; path = employees.json; sourceTree = "<group>"; };
		3253FB862142BDD200CE0F14 /* EmployeeViewController.h */ = {isa = PBXFileReference; lastKnownFileType = sourcecode.c.h; path = EmployeeViewController.h; sourceTree = "<group>"; };
		3253FB872142BDD200CE0F14 /* EmployeeViewController.m */ = {isa = PBXFileReference; lastKnownFileType = sourcecode.c.objc; path = EmployeeViewController.m; sourceTree = "<group>"; };
		326F9431213C19B200E854BE /* EmployeesTableViewController.h */ = {isa = PBXFileReference; lastKnownFileType = sourcecode.c.h; path = EmployeesTableViewController.h; sourceTree = "<group>"; };
		326F9432213C19B200E854BE /* EmployeesTableViewController.m */ = {isa = PBXFileReference; lastKnownFileType = sourcecode.c.objc; path = EmployeesTableViewController.m; sourceTree = "<group>"; };
		326F943A213C1F1200E854BE /* EmployeeTableViewCell.h */ = {isa = PBXFileReference; lastKnownFileType = sourcecode.c.h; path = EmployeeTableViewCell.h; sourceTree = "<group>"; };
		326F943B213C1F1200E854BE /* EmployeeTableViewCell.m */ = {isa = PBXFileReference; lastKnownFileType = sourcecode.c.objc; path = EmployeeTableViewCell.m; sourceTree = "<group>"; };
		326F9440213C30B000E854BE /* Networking.h */ = {isa = PBXFileReference; lastKnownFileType = sourcecode.c.h; path = Networking.h; sourceTree = "<group>"; };
		326F9441213C30B000E854BE /* Networking.m */ = {isa = PBXFileReference; lastKnownFileType = sourcecode.c.objc; path = Networking.m; sourceTree = "<group>"; };
		3B08846C66674425F1181151 /* Pods-AxonTestProject.release.xcconfig */ = {isa = PBXFileReference; includeInIndex = 1; lastKnownFileType = text.xcconfig; name = "Pods-AxonTestProject.release.xcconfig"; path = "Pods/Target Support Files/Pods-AxonTestProject/Pods-AxonTestProject.release.xcconfig"; sourceTree = "<group>"; };
		BDFC1FC5325F2B5B116BD003 /* libPods-AxonTestProject.a */ = {isa = PBXFileReference; explicitFileType = archive.ar; includeInIndex = 0; path = "libPods-AxonTestProject.a"; sourceTree = BUILT_PRODUCTS_DIR; };
		ECBDA8FC98C784574D41048B /* Pods-AxonTestProject.debug.xcconfig */ = {isa = PBXFileReference; includeInIndex = 1; lastKnownFileType = text.xcconfig; name = "Pods-AxonTestProject.debug.xcconfig"; path = "Pods/Target Support Files/Pods-AxonTestProject/Pods-AxonTestProject.debug.xcconfig"; sourceTree = "<group>"; };
/* End PBXFileReference section */

/* Begin PBXFrameworksBuildPhase section */
		32008B922137DAA9005E793B /* Frameworks */ = {
			isa = PBXFrameworksBuildPhase;
			buildActionMask = 2147483647;
			files = (
				5ED44BE198F920BAA4236CC0 /* libPods-AxonTestProject.a in Frameworks */,
			);
			runOnlyForDeploymentPostprocessing = 0;
		};
/* End PBXFrameworksBuildPhase section */

/* Begin PBXGroup section */
		32008B8C2137DAA9005E793B = {
			isa = PBXGroup;
			children = (
				32008B972137DAA9005E793B /* AxonTestProject */,
				32008B962137DAA9005E793B /* Products */,
				89FC10BFFD7294F944B10626 /* Pods */,
				72591C782BB4F9937B461D76 /* Frameworks */,
			);
			sourceTree = "<group>";
		};
		32008B962137DAA9005E793B /* Products */ = {
			isa = PBXGroup;
			children = (
				32008B952137DAA9005E793B /* AxonTestProject.app */,
			);
			name = Products;
			sourceTree = "<group>";
		};
		32008B972137DAA9005E793B /* AxonTestProject */ = {
			isa = PBXGroup;
			children = (
				32008B982137DAA9005E793B /* AppDelegate.h */,
				32008B992137DAA9005E793B /* AppDelegate.m */,
				32008B9B2137DAA9005E793B /* ViewController.h */,
				32008B9C2137DAA9005E793B /* ViewController.m */,
				326F9440213C30B000E854BE /* Networking.h */,
				326F9441213C30B000E854BE /* Networking.m */,
				3253FB892142BDDC00CE0F14 /* EmployeeScreen */,
				326F9436213C19B900E854BE /* EmployeesScreen */,
				32008BB42137E0FF005E793B /* Models */,
				32008B9E2137DAA9005E793B /* Main.storyboard */,
				32008BA12137DAAC005E793B /* Assets.xcassets */,
				32008BA32137DAAC005E793B /* LaunchScreen.storyboard */,
				32008BA62137DAAC005E793B /* Info.plist */,
				32008BA72137DAAC005E793B /* main.m */,
				32008BB62137EAA0005E793B /* employees.json */,
			);
			path = AxonTestProject;
			sourceTree = "<group>";
		};
		32008BB42137E0FF005E793B /* Models */ = {
			isa = PBXGroup;
			children = (
				32008BB52137E10E005E793B /* EmployeeModel.h */,
				32008BB22137E0F9005E793B /* EmployeeModel.m */,
			);
			path = Models;
			sourceTree = "<group>";
		};
		3253FB892142BDDC00CE0F14 /* EmployeeScreen */ = {
			isa = PBXGroup;
			children = (
				3253FB862142BDD200CE0F14 /* EmployeeViewController.h */,
				3253FB872142BDD200CE0F14 /* EmployeeViewController.m */,
			);
			path = EmployeeScreen;
			sourceTree = "<group>";
		};
		326F9436213C19B900E854BE /* EmployeesScreen */ = {
			isa = PBXGroup;
			children = (
				326F9431213C19B200E854BE /* EmployeesTableViewController.h */,
				326F9432213C19B200E854BE /* EmployeesTableViewController.m */,
				326F943F213C1F1800E854BE /* Cell */,
			);
			path = EmployeesScreen;
			sourceTree = "<group>";
		};
		326F943F213C1F1800E854BE /* Cell */ = {
			isa = PBXGroup;
			children = (
				326F943A213C1F1200E854BE /* EmployeeTableViewCell.h */,
				326F943B213C1F1200E854BE /* EmployeeTableViewCell.m */,
			);
			path = Cell;
			sourceTree = "<group>";
		};
		72591C782BB4F9937B461D76 /* Frameworks */ = {
			isa = PBXGroup;
			children = (
				BDFC1FC5325F2B5B116BD003 /* libPods-AxonTestProject.a */,
			);
			name = Frameworks;
			sourceTree = "<group>";
		};
		89FC10BFFD7294F944B10626 /* Pods */ = {
			isa = PBXGroup;
			children = (
				ECBDA8FC98C784574D41048B /* Pods-AxonTestProject.debug.xcconfig */,
				3B08846C66674425F1181151 /* Pods-AxonTestProject.release.xcconfig */,
			);
			name = Pods;
			sourceTree = "<group>";
		};
/* End PBXGroup section */

/* Begin PBXNativeTarget section */
		32008B942137DAA9005E793B /* AxonTestProject */ = {
			isa = PBXNativeTarget;
			buildConfigurationList = 32008BAB2137DAAC005E793B /* Build configuration list for PBXNativeTarget "AxonTestProject" */;
			buildPhases = (
				E6A2E035ABCE665BCF1753AA /* [CP] Check Pods Manifest.lock */,
				32008B912137DAA9005E793B /* Sources */,
				32008B922137DAA9005E793B /* Frameworks */,
				32008B932137DAA9005E793B /* Resources */,
			);
			buildRules = (
			);
			dependencies = (
			);
			name = AxonTestProject;
			productName = AxonTestProject;
			productReference = 32008B952137DAA9005E793B /* AxonTestProject.app */;
			productType = "com.apple.product-type.application";
		};
/* End PBXNativeTarget section */

/* Begin PBXProject section */
		32008B8D2137DAA9005E793B /* Project object */ = {
			isa = PBXProject;
			attributes = {
				LastUpgradeCheck = 0940;
				ORGANIZATIONNAME = "Vitaly Plivachuk";
				TargetAttributes = {
					32008B942137DAA9005E793B = {
						CreatedOnToolsVersion = 9.4.1;
					};
				};
			};
			buildConfigurationList = 32008B902137DAA9005E793B /* Build configuration list for PBXProject "AxonTestProject" */;
			compatibilityVersion = "Xcode 9.3";
			developmentRegion = en;
			hasScannedForEncodings = 0;
			knownRegions = (
				en,
				Base,
			);
			mainGroup = 32008B8C2137DAA9005E793B;
			productRefGroup = 32008B962137DAA9005E793B /* Products */;
			projectDirPath = "";
			projectRoot = "";
			targets = (
				32008B942137DAA9005E793B /* AxonTestProject */,
			);
		};
/* End PBXProject section */

/* Begin PBXResourcesBuildPhase section */
		32008B932137DAA9005E793B /* Resources */ = {
			isa = PBXResourcesBuildPhase;
			buildActionMask = 2147483647;
			files = (
				32008BA52137DAAC005E793B /* LaunchScreen.storyboard in Resources */,
				32008BA22137DAAC005E793B /* Assets.xcassets in Resources */,
				32008BA02137DAA9005E793B /* Main.storyboard in Resources */,
				32008BB72137EAA0005E793B /* employees.json in Resources */,
			);
			runOnlyForDeploymentPostprocessing = 0;
		};
/* End PBXResourcesBuildPhase section */

/* Begin PBXShellScriptBuildPhase section */
		E6A2E035ABCE665BCF1753AA /* [CP] Check Pods Manifest.lock */ = {
			isa = PBXShellScriptBuildPhase;
			buildActionMask = 2147483647;
			files = (
			);
			inputPaths = (
				"${PODS_PODFILE_DIR_PATH}/Podfile.lock",
				"${PODS_ROOT}/Manifest.lock",
			);
			name = "[CP] Check Pods Manifest.lock";
			outputPaths = (
				"$(DERIVED_FILE_DIR)/Pods-AxonTestProject-checkManifestLockResult.txt",
			);
			runOnlyForDeploymentPostprocessing = 0;
			shellPath = /bin/sh;
			shellScript = "diff \"${PODS_PODFILE_DIR_PATH}/Podfile.lock\" \"${PODS_ROOT}/Manifest.lock\" > /dev/null\nif [ $? != 0 ] ; then\n    # print error to STDERR\n    echo \"error: The sandbox is not in sync with the Podfile.lock. Run 'pod install' or update your CocoaPods installation.\" >&2\n    exit 1\nfi\n# This output is used by Xcode 'outputs' to avoid re-running this script phase.\necho \"SUCCESS\" > \"${SCRIPT_OUTPUT_FILE_0}\"\n";
			showEnvVarsInLog = 0;
		};
/* End PBXShellScriptBuildPhase section */

/* Begin PBXSourcesBuildPhase section */
		32008B912137DAA9005E793B /* Sources */ = {
			isa = PBXSourcesBuildPhase;
			buildActionMask = 2147483647;
			files = (
				32008BB32137E0F9005E793B /* EmployeeModel.m in Sources */,
				32008B9D2137DAA9005E793B /* ViewController.m in Sources */,
				3253FB882142BDD200CE0F14 /* EmployeeViewController.m in Sources */,
				326F9434213C19B200E854BE /* EmployeesTableViewController.m in Sources */,
				326F9442213C30B000E854BE /* Networking.m in Sources */,
				326F943D213C1F1200E854BE /* EmployeeTableViewCell.m in Sources */,
				32008BA82137DAAC005E793B /* main.m in Sources */,
				32008B9A2137DAA9005E793B /* AppDelegate.m in Sources */,
			);
			runOnlyForDeploymentPostprocessing = 0;
		};
/* End PBXSourcesBuildPhase section */

/* Begin PBXVariantGroup section */
		32008B9E2137DAA9005E793B /* Main.storyboard */ = {
			isa = PBXVariantGroup;
			children = (
				32008B9F2137DAA9005E793B /* Base */,
			);
			name = Main.storyboard;
			sourceTree = "<group>";
		};
		32008BA32137DAAC005E793B /* LaunchScreen.storyboard */ = {
			isa = PBXVariantGroup;
			children = (
				32008BA42137DAAC005E793B /* Base */,
			);
			name = LaunchScreen.storyboard;
			sourceTree = "<group>";
		};
/* End PBXVariantGroup section */

/* Begin XCBuildConfiguration section */
		32008BA92137DAAC005E793B /* Debug */ = {
			isa = XCBuildConfiguration;
			buildSettings = {
				ALWAYS_SEARCH_USER_PATHS = NO;
				CLANG_ANALYZER_NONNULL = YES;
				CLANG_ANALYZER_NUMBER_OBJECT_CONVERSION = YES_AGGRESSIVE;
				CLANG_CXX_LANGUAGE_STANDARD = "gnu++14";
				CLANG_CXX_LIBRARY = "libc++";
				CLANG_ENABLE_MODULES = YES;
				CLANG_ENABLE_OBJC_ARC = YES;
				CLANG_ENABLE_OBJC_WEAK = YES;
				CLANG_WARN_BLOCK_CAPTURE_AUTORELEASING = YES;
				CLANG_WARN_BOOL_CONVERSION = YES;
				CLANG_WARN_COMMA = YES;
				CLANG_WARN_CONSTANT_CONVERSION = YES;
				CLANG_WARN_DEPRECATED_OBJC_IMPLEMENTATIONS = YES;
				CLANG_WARN_DIRECT_OBJC_ISA_USAGE = YES_ERROR;
				CLANG_WARN_DOCUMENTATION_COMMENTS = YES;
				CLANG_WARN_EMPTY_BODY = YES;
				CLANG_WARN_ENUM_CONVERSION = YES;
				CLANG_WARN_INFINITE_RECURSION = YES;
				CLANG_WARN_INT_CONVERSION = YES;
				CLANG_WARN_NON_LITERAL_NULL_CONVERSION = YES;
				CLANG_WARN_OBJC_IMPLICIT_RETAIN_SELF = YES;
				CLANG_WARN_OBJC_LITERAL_CONVERSION = YES;
				CLANG_WARN_OBJC_ROOT_CLASS = YES_ERROR;
				CLANG_WARN_RANGE_LOOP_ANALYSIS = YES;
				CLANG_WARN_STRICT_PROTOTYPES = YES;
				CLANG_WARN_SUSPICIOUS_MOVE = YES;
				CLANG_WARN_UNGUARDED_AVAILABILITY = YES_AGGRESSIVE;
				CLANG_WARN_UNREACHABLE_CODE = YES;
				CLANG_WARN__DUPLICATE_METHOD_MATCH = YES;
				CODE_SIGN_IDENTITY = "iPhone Developer";
				COPY_PHASE_STRIP = NO;
				DEBUG_INFORMATION_FORMAT = dwarf;
				ENABLE_STRICT_OBJC_MSGSEND = YES;
				ENABLE_TESTABILITY = YES;
				GCC_C_LANGUAGE_STANDARD = gnu11;
				GCC_DYNAMIC_NO_PIC = NO;
				GCC_NO_COMMON_BLOCKS = YES;
				GCC_OPTIMIZATION_LEVEL = 0;
				GCC_PREPROCESSOR_DEFINITIONS = (
					"DEBUG=1",
					"$(inherited)",
				);
				GCC_WARN_64_TO_32_BIT_CONVERSION = YES;
				GCC_WARN_ABOUT_RETURN_TYPE = YES_ERROR;
				GCC_WARN_UNDECLARED_SELECTOR = YES;
				GCC_WARN_UNINITIALIZED_AUTOS = YES_AGGRESSIVE;
				GCC_WARN_UNUSED_FUNCTION = YES;
				GCC_WARN_UNUSED_VARIABLE = YES;
				IPHONEOS_DEPLOYMENT_TARGET = 11.4;
				MTL_ENABLE_DEBUG_INFO = YES;
				ONLY_ACTIVE_ARCH = YES;
				SDKROOT = iphoneos;
			};
			name = Debug;
		};
		32008BAA2137DAAC005E793B /* Release */ = {
			isa = XCBuildConfiguration;
			buildSettings = {
				ALWAYS_SEARCH_USER_PATHS = NO;
				CLANG_ANALYZER_NONNULL = YES;
				CLANG_ANALYZER_NUMBER_OBJECT_CONVERSION = YES_AGGRESSIVE;
				CLANG_CXX_LANGUAGE_STANDARD = "gnu++14";
				CLANG_CXX_LIBRARY = "libc++";
				CLANG_ENABLE_MODULES = YES;
				CLANG_ENABLE_OBJC_ARC = YES;
				CLANG_ENABLE_OBJC_WEAK = YES;
				CLANG_WARN_BLOCK_CAPTURE_AUTORELEASING = YES;
				CLANG_WARN_BOOL_CONVERSION = YES;
				CLANG_WARN_COMMA = YES;
				CLANG_WARN_CONSTANT_CONVERSION = YES;
				CLANG_WARN_DEPRECATED_OBJC_IMPLEMENTATIONS = YES;
				CLANG_WARN_DIRECT_OBJC_ISA_USAGE = YES_ERROR;
				CLANG_WARN_DOCUMENTATION_COMMENTS = YES;
				CLANG_WARN_EMPTY_BODY = YES;
				CLANG_WARN_ENUM_CONVERSION = YES;
				CLANG_WARN_INFINITE_RECURSION = YES;
				CLANG_WARN_INT_CONVERSION = YES;
				CLANG_WARN_NON_LITERAL_NULL_CONVERSION = YES;
				CLANG_WARN_OBJC_IMPLICIT_RETAIN_SELF = YES;
				CLANG_WARN_OBJC_LITERAL_CONVERSION = YES;
				CLANG_WARN_OBJC_ROOT_CLASS = YES_ERROR;
				CLANG_WARN_RANGE_LOOP_ANALYSIS = YES;
				CLANG_WARN_STRICT_PROTOTYPES = YES;
				CLANG_WARN_SUSPICIOUS_MOVE = YES;
				CLANG_WARN_UNGUARDED_AVAILABILITY = YES_AGGRESSIVE;
				CLANG_WARN_UNREACHABLE_CODE = YES;
				CLANG_WARN__DUPLICATE_METHOD_MATCH = YES;
				CODE_SIGN_IDENTITY = "iPhone Developer";
				COPY_PHASE_STRIP = NO;
				DEBUG_INFORMATION_FORMAT = "dwarf-with-dsym";
				ENABLE_NS_ASSERTIONS = NO;
				ENABLE_STRICT_OBJC_MSGSEND = YES;
				GCC_C_LANGUAGE_STANDARD = gnu11;
				GCC_NO_COMMON_BLOCKS = YES;
				GCC_WARN_64_TO_32_BIT_CONVERSION = YES;
				GCC_WARN_ABOUT_RETURN_TYPE = YES_ERROR;
				GCC_WARN_UNDECLARED_SELECTOR = YES;
				GCC_WARN_UNINITIALIZED_AUTOS = YES_AGGRESSIVE;
				GCC_WARN_UNUSED_FUNCTION = YES;
				GCC_WARN_UNUSED_VARIABLE = YES;
				IPHONEOS_DEPLOYMENT_TARGET = 11.4;
				MTL_ENABLE_DEBUG_INFO = NO;
				SDKROOT = iphoneos;
				VALIDATE_PRODUCT = YES;
			};
			name = Release;
		};
		32008BAC2137DAAC005E793B /* Debug */ = {
			isa = XCBuildConfiguration;
			baseConfigurationReference = ECBDA8FC98C784574D41048B /* Pods-AxonTestProject.debug.xcconfig */;
			buildSettings = {
				ASSETCATALOG_COMPILER_APPICON_NAME = AppIcon;
				CODE_SIGN_STYLE = Automatic;
				DEVELOPMENT_TEAM = 8JL4LXHDE2;
				INFOPLIST_FILE = AxonTestProject/Info.plist;
				IPHONEOS_DEPLOYMENT_TARGET = 9.0;
				LD_RUNPATH_SEARCH_PATHS = (
					"$(inherited)",
					"@executable_path/Frameworks",
				);
				PRODUCT_BUNDLE_IDENTIFIER = VitalyPlivachuk.AxonTestProject;
				PRODUCT_NAME = "$(TARGET_NAME)";
				TARGETED_DEVICE_FAMILY = "1,2";
			};
			name = Debug;
		};
		32008BAD2137DAAC005E793B /* Release */ = {
			isa = XCBuildConfiguration;
			baseConfigurationReference = 3B08846C66674425F1181151 /* Pods-AxonTestProject.release.xcconfig */;
			buildSettings = {
				ASSETCATALOG_COMPILER_APPICON_NAME = AppIcon;
				CODE_SIGN_STYLE = Automatic;
				DEVELOPMENT_TEAM = 8JL4LXHDE2;
				INFOPLIST_FILE = AxonTestProject/Info.plist;
				IPHONEOS_DEPLOYMENT_TARGET = 9.0;
				LD_RUNPATH_SEARCH_PATHS = (
					"$(inherited)",
					"@executable_path/Frameworks",
				);
				PRODUCT_BUNDLE_IDENTIFIER = VitalyPlivachuk.AxonTestProject;
				PRODUCT_NAME = "$(TARGET_NAME)";
				TARGETED_DEVICE_FAMILY = "1,2";
			};
			name = Release;
		};
/* End XCBuildConfiguration section */

/* Begin XCConfigurationList section */
		32008B902137DAA9005E793B /* Build configuration list for PBXProject "AxonTestProject" */ = {
			isa = XCConfigurationList;
			buildConfigurations = (
				32008BA92137DAAC005E793B /* Debug */,
				32008BAA2137DAAC005E793B /* Release */,
			);
			defaultConfigurationIsVisible = 0;
			defaultConfigurationName = Release;
		};
		32008BAB2137DAAC005E793B /* Build configuration list for PBXNativeTarget "AxonTestProject" */ = {
			isa = XCConfigurationList;
			buildConfigurations = (
				32008BAC2137DAAC005E793B /* Debug */,
				32008BAD2137DAAC005E793B /* Release */,
			);
			defaultConfigurationIsVisible = 0;
			defaultConfigurationName = Release;
		};
/* End XCConfigurationList section */
	};
	rootObject = 32008B8D2137DAA9005E793B /* Project object */;
}
